
Microsoft Visual Studio Solution File, Format Version 12.00
Project("{FAE04EC0-301F-11D3-BF4B-00C04F79EFBC}") = "SOA3Bioscoop", "SOA3Bioscoop\SOA3Bioscoop.csproj", "{8A55210E-1055-4246-8013-82C7AE4DE7B8}"
EndProject
Project("{FAE04EC0-301F-11D3-BF4B-00C04F79EFBC}") = "SOA3Bioscoop.Test", "SOA3Bioscoop.Test\SOA3Bioscoop.Test.csproj", "{7B27166C-1452-44FF-B617-33E26750EBC8}"
EndProject
Global
	GlobalSection(SolutionConfigurationPlatforms) = preSolution
		Debug|Any CPU = Debug|Any CPU
		Release|Any CPU = Release|Any CPU
	EndGlobalSection
	GlobalSection(ProjectConfigurationPlatforms) = postSolution
		{8A55210E-1055-4246-8013-82C7AE4DE7B8}.Debug|Any CPU.ActiveCfg = Debug|Any CPU
		{8A55210E-1055-4246-8013-82C7AE4DE7B8}.Debug|Any CPU.Build.0 = Debug|Any CPU
		{8A55210E-1055-4246-8013-82C7AE4DE7B8}.Release|Any CPU.ActiveCfg = Release|Any CPU
		{8A55210E-1055-4246-8013-82C7AE4DE7B8}.Release|Any CPU.Build.0 = Release|Any CPU
		{7B27166C-1452-44FF-B617-33E26750EBC8}.Debug|Any CPU.ActiveCfg = Debug|Any CPU
		{7B27166C-1452-44FF-B617-33E26750EBC8}.Debug|Any CPU.Build.0 = Debug|Any CPU
		{7B27166C-1452-44FF-B617-33E26750EBC8}.Release|Any CPU.ActiveCfg = Release|Any CPU
		{7B27166C-1452-44FF-B617-33E26750EBC8}.Release|Any CPU.Build.0 = Release|Any CPU
	EndGlobalSection
EndGlobal
